
Microsoft Visual Studio Solution File, Format Version 11.00
# Visual Studio 2010
# SharpDevelop 5.2
Project("{EAD1E85F-CEF5-4861-AFF8-597F2DDE70FC}") = "IEC61499", "IEC61499\IEC61499.dfbproj", "{42B49253-05EA-4B22-8673-B3EE4E72CB41}"
EndProject
Project("{FAE04EC0-301F-11D3-BF4B-00C04F79EFBC}") = "HMI", "HMI\HMI.csproj", "{D0963EEE-9CBF-421D-ACA9-F629ABB236EF}"
EndProject
Project("{38DB5ADD-0BC9-44D4-BE85-0EAFA8D5BD5F}") = "WEB", "WEB\WEB.htmlproj", "{A1ABAEB1-3419-46BB-A9CF-40AA5897D06C}"
EndProject
Project("{72AEB29F-A91B-8B3D-40ED-1C96841A14A3}") = "HwConfiguration", "HwConfiguration\HwConfiguration.hwconfigproj", "{5C3D2337-87D3-4164-ADFD-CDBCD5A892BC}"
EndProject
Project("{E25C2A81-DD87-490C-A304-820B0BA163F2}") = "AssetLinkData", "AssetLinkData\AssetLinkData.assetLinkDataproj", "{5428B019-4E42-4F38-B557-CD108A1E27B7}"
EndProject
Project("{B8625A29-8134-4135-BEBD-5371646CD051}") = "TopologyManager", "Topology\TopologyManager.topologyproj", "{5B7D154C-D9B1-4FDC-8AA0-9AA82AB9FC42}"
EndProject
Project("{AF5A4E9E-1CB6-4325-AE5C-F3437C6CEE36}") = "ATVHMIPlugin", "ATVHMIPlugin\ATVHMIPlugin.atvdisplayproj", "{83543290-E80E-424A-8E21-639035DD2DB8}"
EndProject
Global
	GlobalSection(SolutionConfigurationPlatforms) = preSolution
		Debug|Windows = Debug|Windows
		Release|Windows = Release|Windows
	EndGlobalSection
	GlobalSection(ProjectConfigurationPlatforms) = postSolution
		{42B49253-05EA-4B22-8673-B3EE4E72CB41}.Debug|Windows.ActiveCfg = Debug|Windows
		{42B49253-05EA-4B22-8673-B3EE4E72CB41}.Debug|Windows.Build.0 = Debug|Windows
		{42B49253-05EA-4B22-8673-B3EE4E72CB41}.Release|Windows.ActiveCfg = Release|Windows
		{42B49253-05EA-4B22-8673-B3EE4E72CB41}.Release|Windows.Build.0 = Release|Windows
		{D0963EEE-9CBF-421D-ACA9-F629ABB236EF}.Debug|Windows.ActiveCfg = Debug|Windows
		{D0963EEE-9CBF-421D-ACA9-F629ABB236EF}.Debug|Windows.Build.0 = Debug|Windows
		{D0963EEE-9CBF-421D-ACA9-F629ABB236EF}.Release|Windows.ActiveCfg = Release|Windows
		{D0963EEE-9CBF-421D-ACA9-F629ABB236EF}.Release|Windows.Build.0 = Release|Windows
		{A1ABAEB1-3419-46BB-A9CF-40AA5897D06C}.Debug|Windows.ActiveCfg = Debug|Windows
		{A1ABAEB1-3419-46BB-A9CF-40AA5897D06C}.Debug|Windows.Build.0 = Debug|Windows
		{A1ABAEB1-3419-46BB-A9CF-40AA5897D06C}.Release|Windows.ActiveCfg = Release|Windows
		{A1ABAEB1-3419-46BB-A9CF-40AA5897D06C}.Release|Windows.Build.0 = Release|Windows
		{5C3D2337-87D3-4164-ADFD-CDBCD5A892BC}.Debug|Windows.ActiveCfg = Debug|Windows
		{5C3D2337-87D3-4164-ADFD-CDBCD5A892BC}.Debug|Windows.Build.0 = Debug|Windows
		{5C3D2337-87D3-4164-ADFD-CDBCD5A892BC}.Release|Windows.ActiveCfg = Release|Windows
		{5C3D2337-87D3-4164-ADFD-CDBCD5A892BC}.Release|Windows.Build.0 = Release|Windows
		{5428B019-4E42-4F38-B557-CD108A1E27B7}.Debug|Windows.ActiveCfg = Debug|Windows
		{5428B019-4E42-4F38-B557-CD108A1E27B7}.Debug|Windows.Build.0 = Debug|Windows
		{5428B019-4E42-4F38-B557-CD108A1E27B7}.Release|Windows.ActiveCfg = Release|Windows
		{5428B019-4E42-4F38-B557-CD108A1E27B7}.Release|Windows.Build.0 = Release|Windows
		{5B7D154C-D9B1-4FDC-8AA0-9AA82AB9FC42}.Debug|Windows.ActiveCfg = Debug|Windows
		{5B7D154C-D9B1-4FDC-8AA0-9AA82AB9FC42}.Debug|Windows.Build.0 = Debug|Windows
		{5B7D154C-D9B1-4FDC-8AA0-9AA82AB9FC42}.Release|Windows.ActiveCfg = Release|Windows
		{5B7D154C-D9B1-4FDC-8AA0-9AA82AB9FC42}.Release|Windows.Build.0 = Release|Windows
		{83543290-E80E-424A-8E21-639035DD2DB8}.Debug|Windows.ActiveCfg = Debug|Windows
		{83543290-E80E-424A-8E21-639035DD2DB8}.Debug|Windows.Build.0 = Debug|Windows
		{83543290-E80E-424A-8E21-639035DD2DB8}.Release|Windows.ActiveCfg = Release|Windows
		{83543290-E80E-424A-8E21-639035DD2DB8}.Release|Windows.Build.0 = Release|Windows
	EndGlobalSection
EndGlobal
